// !$*UTF8*$!
{
	archiveVersion = 1;
	classes = {
	};
	objectVersion = 50;
	objects = {

/* Begin PBXBuildFile section */
		4D58C44125DF3AFA009A913F /* memoar.swift in Sources */ = {isa = PBXBuildFile; fileRef = 4D58C44025DF3AFA009A913F /* memoar.swift */; };
		4D647A4925F533040011A666 /* MenuViewController.swift in Sources */ = {isa = PBXBuildFile; fileRef = 4D647A4825F533040011A666 /* MenuViewController.swift */; };
		4DDD62A625DD201200656937 /* AppDelegate.swift in Sources */ = {isa = PBXBuildFile; fileRef = 4DDD62A525DD201200656937 /* AppDelegate.swift */; };
		4DDD62A825DD201200656937 /* SceneDelegate.swift in Sources */ = {isa = PBXBuildFile; fileRef = 4DDD62A725DD201200656937 /* SceneDelegate.swift */; };
		4DDD62AA25DD201200656937 /* ViewController.swift in Sources */ = {isa = PBXBuildFile; fileRef = 4DDD62A925DD201200656937 /* ViewController.swift */; };
		4DDD62AD25DD201200656937 /* Main.storyboard in Resources */ = {isa = PBXBuildFile; fileRef = 4DDD62AB25DD201200656937 /* Main.storyboard */; };
		4DDD62AF25DD201D00656937 /* Assets.xcassets in Resources */ = {isa = PBXBuildFile; fileRef = 4DDD62AE25DD201D00656937 /* Assets.xcassets */; };
		4DDD62B225DD201D00656937 /* LaunchScreen.storyboard in Resources */ = {isa = PBXBuildFile; fileRef = 4DDD62B025DD201D00656937 /* LaunchScreen.storyboard */; };
		4DDD62BD25DD201E00656937 /* MemoarTests.swift in Sources */ = {isa = PBXBuildFile; fileRef = 4DDD62BC25DD201E00656937 /* MemoarTests.swift */; };
		4DDD62C825DD201E00656937 /* MemoarUITests.swift in Sources */ = {isa = PBXBuildFile; fileRef = 4DDD62C725DD201E00656937 /* MemoarUITests.swift */; };
		4DDD62E325DD229F00656937 /* Card.swift in Sources */ = {isa = PBXBuildFile; fileRef = 4DDD62E225DD229F00656937 /* Card.swift */; };
		E144A1D525F8CA7300C81A0F /* memoarModel.swift in Sources */ = {isa = PBXBuildFile; fileRef = E144A1D425F8CA7300C81A0F /* memoarModel.swift */; };
		E144A1DA25F8CB7F00C81A0F /* memoar.actr in Resources */ = {isa = PBXBuildFile; fileRef = E144A1D925F8CB7F00C81A0F /* memoar.actr */; };
		E144A1EF25F8CF2900C81A0F /* Support.swift in Sources */ = {isa = PBXBuildFile; fileRef = E144A1DE25F8CF2800C81A0F /* Support.swift */; };
		E144A1F025F8CF2900C81A0F /* BufferCondition.swift in Sources */ = {isa = PBXBuildFile; fileRef = E144A1DF25F8CF2800C81A0F /* BufferCondition.swift */; };
		E144A1F125F8CF2900C81A0F /* FocusRing.swift in Sources */ = {isa = PBXBuildFile; fileRef = E144A1E025F8CF2800C81A0F /* FocusRing.swift */; };
		E144A1F225F8CF2900C81A0F /* Instantiation.swift in Sources */ = {isa = PBXBuildFile; fileRef = E144A1E125F8CF2800C81A0F /* Instantiation.swift */; };
		E144A1F325F8CF2900C81A0F /* Chunk.swift in Sources */ = {isa = PBXBuildFile; fileRef = E144A1E225F8CF2800C81A0F /* Chunk.swift */; };
		E144A1F425F8CF2900C81A0F /* Vision.swift in Sources */ = {isa = PBXBuildFile; fileRef = E144A1E325F8CF2800C81A0F /* Vision.swift */; };
		E144A1F525F8CF2900C81A0F /* SlotCondition.swift in Sources */ = {isa = PBXBuildFile; fileRef = E144A1E425F8CF2800C81A0F /* SlotCondition.swift */; };
		E144A1F625F8CF2900C81A0F /* ACTRWindowView.swift in Sources */ = {isa = PBXBuildFile; fileRef = E144A1E525F8CF2800C81A0F /* ACTRWindowView.swift */; };
		E144A1F725F8CF2900C81A0F /* Parser.swift in Sources */ = {isa = PBXBuildFile; fileRef = E144A1E625F8CF2800C81A0F /* Parser.swift */; };
		E144A1F825F8CF2900C81A0F /* Procedural.swift in Sources */ = {isa = PBXBuildFile; fileRef = E144A1E725F8CF2800C81A0F /* Procedural.swift */; };
		E144A1F925F8CF2900C81A0F /* Model.swift in Sources */ = {isa = PBXBuildFile; fileRef = E144A1E825F8CF2800C81A0F /* Model.swift */; };
		E144A1FA25F8CF2900C81A0F /* Declarative.swift in Sources */ = {isa = PBXBuildFile; fileRef = E144A1E925F8CF2800C81A0F /* Declarative.swift */; };
		E144A1FB25F8CF2900C81A0F /* SlotAction.swift in Sources */ = {isa = PBXBuildFile; fileRef = E144A1EA25F8CF2900C81A0F /* SlotAction.swift */; };
		E144A1FC25F8CF2900C81A0F /* Tokenizer.swift in Sources */ = {isa = PBXBuildFile; fileRef = E144A1EB25F8CF2900C81A0F /* Tokenizer.swift */; };
		E144A1FD25F8CF2900C81A0F /* BufferAction.swift in Sources */ = {isa = PBXBuildFile; fileRef = E144A1EC25F8CF2900C81A0F /* BufferAction.swift */; };
		E144A1FE25F8CF2900C81A0F /* Temporal.swift in Sources */ = {isa = PBXBuildFile; fileRef = E144A1ED25F8CF2900C81A0F /* Temporal.swift */; };
		E144A1FF25F8CF2900C81A0F /* Production.swift in Sources */ = {isa = PBXBuildFile; fileRef = E144A1EE25F8CF2900C81A0F /* Production.swift */; };
/* End PBXBuildFile section */

/* Begin PBXContainerItemProxy section */
		4DDD62B925DD201E00656937 /* PBXContainerItemProxy */ = {
			isa = PBXContainerItemProxy;
			containerPortal = 4DDD629A25DD201200656937 /* Project object */;
			proxyType = 1;
			remoteGlobalIDString = 4DDD62A125DD201200656937;
			remoteInfo = Memoar;
		};
		4DDD62C425DD201E00656937 /* PBXContainerItemProxy */ = {
			isa = PBXContainerItemProxy;
			containerPortal = 4DDD629A25DD201200656937 /* Project object */;
			proxyType = 1;
			remoteGlobalIDString = 4DDD62A125DD201200656937;
			remoteInfo = Memoar;
		};
/* End PBXContainerItemProxy section */

/* Begin PBXFileReference section */
		4D58C44025DF3AFA009A913F /* memoar.swift */ = {isa = PBXFileReference; fileEncoding = 4; lastKnownFileType = sourcecode.swift; path = memoar.swift; sourceTree = SOURCE_ROOT; };
		4D647A4825F533040011A666 /* MenuViewController.swift */ = {isa = PBXFileReference; fileEncoding = 4; lastKnownFileType = sourcecode.swift; path = MenuViewController.swift; sourceTree = "<group>"; };
		4DDD62A225DD201200656937 /* Memoar.app */ = {isa = PBXFileReference; explicitFileType = wrapper.application; includeInIndex = 0; path = Memoar.app; sourceTree = BUILT_PRODUCTS_DIR; };
		4DDD62A525DD201200656937 /* AppDelegate.swift */ = {isa = PBXFileReference; lastKnownFileType = sourcecode.swift; path = AppDelegate.swift; sourceTree = "<group>"; };
		4DDD62A725DD201200656937 /* SceneDelegate.swift */ = {isa = PBXFileReference; lastKnownFileType = sourcecode.swift; path = SceneDelegate.swift; sourceTree = "<group>"; };
		4DDD62A925DD201200656937 /* ViewController.swift */ = {isa = PBXFileReference; lastKnownFileType = sourcecode.swift; path = ViewController.swift; sourceTree = "<group>"; };
		4DDD62AC25DD201200656937 /* Base */ = {isa = PBXFileReference; lastKnownFileType = file.storyboard; name = Base; path = Base.lproj/Main.storyboard; sourceTree = "<group>"; };
		4DDD62AE25DD201D00656937 /* Assets.xcassets */ = {isa = PBXFileReference; lastKnownFileType = folder.assetcatalog; path = Assets.xcassets; sourceTree = "<group>"; };
		4DDD62B125DD201D00656937 /* Base */ = {isa = PBXFileReference; lastKnownFileType = file.storyboard; name = Base; path = Base.lproj/LaunchScreen.storyboard; sourceTree = "<group>"; };
		4DDD62B325DD201D00656937 /* Info.plist */ = {isa = PBXFileReference; lastKnownFileType = text.plist.xml; path = Info.plist; sourceTree = "<group>"; };
		4DDD62B825DD201E00656937 /* MemoarTests.xctest */ = {isa = PBXFileReference; explicitFileType = wrapper.cfbundle; includeInIndex = 0; path = MemoarTests.xctest; sourceTree = BUILT_PRODUCTS_DIR; };
		4DDD62BC25DD201E00656937 /* MemoarTests.swift */ = {isa = PBXFileReference; lastKnownFileType = sourcecode.swift; path = MemoarTests.swift; sourceTree = "<group>"; };
		4DDD62BE25DD201E00656937 /* Info.plist */ = {isa = PBXFileReference; lastKnownFileType = text.plist.xml; path = Info.plist; sourceTree = "<group>"; };
		4DDD62C325DD201E00656937 /* MemoarUITests.xctest */ = {isa = PBXFileReference; explicitFileType = wrapper.cfbundle; includeInIndex = 0; path = MemoarUITests.xctest; sourceTree = BUILT_PRODUCTS_DIR; };
		4DDD62C725DD201E00656937 /* MemoarUITests.swift */ = {isa = PBXFileReference; lastKnownFileType = sourcecode.swift; path = MemoarUITests.swift; sourceTree = "<group>"; };
		4DDD62C925DD201E00656937 /* Info.plist */ = {isa = PBXFileReference; lastKnownFileType = text.plist.xml; path = Info.plist; sourceTree = "<group>"; };
		4DDD62E225DD229F00656937 /* Card.swift */ = {isa = PBXFileReference; fileEncoding = 4; lastKnownFileType = sourcecode.swift; path = Card.swift; sourceTree = SOURCE_ROOT; };
		E144A1D425F8CA7300C81A0F /* memoarModel.swift */ = {isa = PBXFileReference; lastKnownFileType = sourcecode.swift; path = memoarModel.swift; sourceTree = "<group>"; };
		E144A1D925F8CB7F00C81A0F /* memoar.actr */ = {isa = PBXFileReference; fileEncoding = 4; lastKnownFileType = text; path = memoar.actr; sourceTree = "<group>"; };
		E144A1DE25F8CF2800C81A0F /* Support.swift */ = {isa = PBXFileReference; fileEncoding = 4; lastKnownFileType = sourcecode.swift; name = Support.swift; path = "ACT-R/Support.swift"; sourceTree = "<group>"; };
		E144A1DF25F8CF2800C81A0F /* BufferCondition.swift */ = {isa = PBXFileReference; fileEncoding = 4; lastKnownFileType = sourcecode.swift; name = BufferCondition.swift; path = "ACT-R/BufferCondition.swift"; sourceTree = "<group>"; };
		E144A1E025F8CF2800C81A0F /* FocusRing.swift */ = {isa = PBXFileReference; fileEncoding = 4; lastKnownFileType = sourcecode.swift; name = FocusRing.swift; path = "ACT-R/FocusRing.swift"; sourceTree = "<group>"; };
		E144A1E125F8CF2800C81A0F /* Instantiation.swift */ = {isa = PBXFileReference; fileEncoding = 4; lastKnownFileType = sourcecode.swift; name = Instantiation.swift; path = "ACT-R/Instantiation.swift"; sourceTree = "<group>"; };
		E144A1E225F8CF2800C81A0F /* Chunk.swift */ = {isa = PBXFileReference; fileEncoding = 4; lastKnownFileType = sourcecode.swift; name = Chunk.swift; path = "ACT-R/Chunk.swift"; sourceTree = "<group>"; };
		E144A1E325F8CF2800C81A0F /* Vision.swift */ = {isa = PBXFileReference; fileEncoding = 4; lastKnownFileType = sourcecode.swift; name = Vision.swift; path = "ACT-R/Vision.swift"; sourceTree = "<group>"; };
		E144A1E425F8CF2800C81A0F /* SlotCondition.swift */ = {isa = PBXFileReference; fileEncoding = 4; lastKnownFileType = sourcecode.swift; name = SlotCondition.swift; path = "ACT-R/SlotCondition.swift"; sourceTree = "<group>"; };
		E144A1E525F8CF2800C81A0F /* ACTRWindowView.swift */ = {isa = PBXFileReference; fileEncoding = 4; lastKnownFileType = sourcecode.swift; name = ACTRWindowView.swift; path = "ACT-R/ACTRWindowView.swift"; sourceTree = "<group>"; };
		E144A1E625F8CF2800C81A0F /* Parser.swift */ = {isa = PBXFileReference; fileEncoding = 4; lastKnownFileType = sourcecode.swift; name = Parser.swift; path = "ACT-R/Parser.swift"; sourceTree = "<group>"; };
		E144A1E725F8CF2800C81A0F /* Procedural.swift */ = {isa = PBXFileReference; fileEncoding = 4; lastKnownFileType = sourcecode.swift; name = Procedural.swift; path = "ACT-R/Procedural.swift"; sourceTree = "<group>"; };
		E144A1E825F8CF2800C81A0F /* Model.swift */ = {isa = PBXFileReference; fileEncoding = 4; lastKnownFileType = sourcecode.swift; name = Model.swift; path = "ACT-R/Model.swift"; sourceTree = "<group>"; };
		E144A1E925F8CF2800C81A0F /* Declarative.swift */ = {isa = PBXFileReference; fileEncoding = 4; lastKnownFileType = sourcecode.swift; name = Declarative.swift; path = "ACT-R/Declarative.swift"; sourceTree = "<group>"; };
		E144A1EA25F8CF2900C81A0F /* SlotAction.swift */ = {isa = PBXFileReference; fileEncoding = 4; lastKnownFileType = sourcecode.swift; name = SlotAction.swift; path = "ACT-R/SlotAction.swift"; sourceTree = "<group>"; };
		E144A1EB25F8CF2900C81A0F /* Tokenizer.swift */ = {isa = PBXFileReference; fileEncoding = 4; lastKnownFileType = sourcecode.swift; name = Tokenizer.swift; path = "ACT-R/Tokenizer.swift"; sourceTree = "<group>"; };
		E144A1EC25F8CF2900C81A0F /* BufferAction.swift */ = {isa = PBXFileReference; fileEncoding = 4; lastKnownFileType = sourcecode.swift; name = BufferAction.swift; path = "ACT-R/BufferAction.swift"; sourceTree = "<group>"; };
		E144A1ED25F8CF2900C81A0F /* Temporal.swift */ = {isa = PBXFileReference; fileEncoding = 4; lastKnownFileType = sourcecode.swift; name = Temporal.swift; path = "ACT-R/Temporal.swift"; sourceTree = "<group>"; };
		E144A1EE25F8CF2900C81A0F /* Production.swift */ = {isa = PBXFileReference; fileEncoding = 4; lastKnownFileType = sourcecode.swift; name = Production.swift; path = "ACT-R/Production.swift"; sourceTree = "<group>"; };
/* End PBXFileReference section */

/* Begin PBXFrameworksBuildPhase section */
		4DDD629F25DD201200656937 /* Frameworks */ = {
			isa = PBXFrameworksBuildPhase;
			buildActionMask = 2147483647;
			files = (
			);
			runOnlyForDeploymentPostprocessing = 0;
		};
		4DDD62B525DD201E00656937 /* Frameworks */ = {
			isa = PBXFrameworksBuildPhase;
			buildActionMask = 2147483647;
			files = (
			);
			runOnlyForDeploymentPostprocessing = 0;
		};
		4DDD62C025DD201E00656937 /* Frameworks */ = {
			isa = PBXFrameworksBuildPhase;
			buildActionMask = 2147483647;
			files = (
			);
			runOnlyForDeploymentPostprocessing = 0;
		};
/* End PBXFrameworksBuildPhase section */

/* Begin PBXGroup section */
		4DDD629925DD201200656937 = {
			isa = PBXGroup;
			children = (
				4DDD62A425DD201200656937 /* Memoar */,
				4DDD62BB25DD201E00656937 /* MemoarTests */,
				4DDD62C625DD201E00656937 /* MemoarUITests */,
				4DDD62A325DD201200656937 /* Products */,
			);
			sourceTree = "<group>";
		};
		4DDD62A325DD201200656937 /* Products */ = {
			isa = PBXGroup;
			children = (
				4DDD62A225DD201200656937 /* Memoar.app */,
				4DDD62B825DD201E00656937 /* MemoarTests.xctest */,
				4DDD62C325DD201E00656937 /* MemoarUITests.xctest */,
			);
			name = Products;
			sourceTree = "<group>";
		};
		4DDD62A425DD201200656937 /* Memoar */ = {
			isa = PBXGroup;
			children = (
				E144A1E525F8CF2800C81A0F /* ACTRWindowView.swift */,
				E144A1EC25F8CF2900C81A0F /* BufferAction.swift */,
				E144A1DF25F8CF2800C81A0F /* BufferCondition.swift */,
				E144A1E225F8CF2800C81A0F /* Chunk.swift */,
				E144A1E925F8CF2800C81A0F /* Declarative.swift */,
				E144A1E025F8CF2800C81A0F /* FocusRing.swift */,
				E144A1E125F8CF2800C81A0F /* Instantiation.swift */,
				E144A1E825F8CF2800C81A0F /* Model.swift */,
				E144A1E625F8CF2800C81A0F /* Parser.swift */,
				E144A1E725F8CF2800C81A0F /* Procedural.swift */,
				E144A1EE25F8CF2900C81A0F /* Production.swift */,
				E144A1EA25F8CF2900C81A0F /* SlotAction.swift */,
				E144A1E425F8CF2800C81A0F /* SlotCondition.swift */,
				E144A1DE25F8CF2800C81A0F /* Support.swift */,
				E144A1ED25F8CF2900C81A0F /* Temporal.swift */,
				E144A1EB25F8CF2900C81A0F /* Tokenizer.swift */,
				E144A1E325F8CF2800C81A0F /* Vision.swift */,
				E144A1D925F8CB7F00C81A0F /* memoar.actr */,
				4DDD62E225DD229F00656937 /* Card.swift */,
				4DDD62A525DD201200656937 /* AppDelegate.swift */,
				4DDD62A725DD201200656937 /* SceneDelegate.swift */,
				4DDD62A925DD201200656937 /* ViewController.swift */,
				E144A1D425F8CA7300C81A0F /* memoarModel.swift */,
				4D58C44025DF3AFA009A913F /* memoar.swift */,
				4DDD62AB25DD201200656937 /* Main.storyboard */,
				4D647A4825F533040011A666 /* MenuViewController.swift */,
				4DDD62AE25DD201D00656937 /* Assets.xcassets */,
				4DDD62B025DD201D00656937 /* LaunchScreen.storyboard */,
				4DDD62B325DD201D00656937 /* Info.plist */,
			);
			path = Memoar;
			sourceTree = "<group>";
		};
		4DDD62BB25DD201E00656937 /* MemoarTests */ = {
			isa = PBXGroup;
			children = (
				4DDD62BC25DD201E00656937 /* MemoarTests.swift */,
				4DDD62BE25DD201E00656937 /* Info.plist */,
			);
			path = MemoarTests;
			sourceTree = "<group>";
		};
		4DDD62C625DD201E00656937 /* MemoarUITests */ = {
			isa = PBXGroup;
			children = (
				4DDD62C725DD201E00656937 /* MemoarUITests.swift */,
				4DDD62C925DD201E00656937 /* Info.plist */,
			);
			path = MemoarUITests;
			sourceTree = "<group>";
		};
/* End PBXGroup section */

/* Begin PBXNativeTarget section */
		4DDD62A125DD201200656937 /* Memoar */ = {
			isa = PBXNativeTarget;
			buildConfigurationList = 4DDD62CC25DD201E00656937 /* Build configuration list for PBXNativeTarget "Memoar" */;
			buildPhases = (
				4DDD629E25DD201200656937 /* Sources */,
				4DDD629F25DD201200656937 /* Frameworks */,
				4DDD62A025DD201200656937 /* Resources */,
			);
			buildRules = (
			);
			dependencies = (
			);
			name = Memoar;
			productName = Memoar;
			productReference = 4DDD62A225DD201200656937 /* Memoar.app */;
			productType = "com.apple.product-type.application";
		};
		4DDD62B725DD201E00656937 /* MemoarTests */ = {
			isa = PBXNativeTarget;
			buildConfigurationList = 4DDD62CF25DD201E00656937 /* Build configuration list for PBXNativeTarget "MemoarTests" */;
			buildPhases = (
				4DDD62B425DD201E00656937 /* Sources */,
				4DDD62B525DD201E00656937 /* Frameworks */,
				4DDD62B625DD201E00656937 /* Resources */,
			);
			buildRules = (
			);
			dependencies = (
				4DDD62BA25DD201E00656937 /* PBXTargetDependency */,
			);
			name = MemoarTests;
			productName = MemoarTests;
			productReference = 4DDD62B825DD201E00656937 /* MemoarTests.xctest */;
			productType = "com.apple.product-type.bundle.unit-test";
		};
		4DDD62C225DD201E00656937 /* MemoarUITests */ = {
			isa = PBXNativeTarget;
			buildConfigurationList = 4DDD62D225DD201E00656937 /* Build configuration list for PBXNativeTarget "MemoarUITests" */;
			buildPhases = (
				4DDD62BF25DD201E00656937 /* Sources */,
				4DDD62C025DD201E00656937 /* Frameworks */,
				4DDD62C125DD201E00656937 /* Resources */,
			);
			buildRules = (
			);
			dependencies = (
				4DDD62C525DD201E00656937 /* PBXTargetDependency */,
			);
			name = MemoarUITests;
			productName = MemoarUITests;
			productReference = 4DDD62C325DD201E00656937 /* MemoarUITests.xctest */;
			productType = "com.apple.product-type.bundle.ui-testing";
		};
/* End PBXNativeTarget section */

/* Begin PBXProject section */
		4DDD629A25DD201200656937 /* Project object */ = {
			isa = PBXProject;
			attributes = {
				LastSwiftUpdateCheck = 1240;
				LastUpgradeCheck = 1240;
				TargetAttributes = {
					4DDD62A125DD201200656937 = {
						CreatedOnToolsVersion = 12.4;
					};
					4DDD62B725DD201E00656937 = {
						CreatedOnToolsVersion = 12.4;
						TestTargetID = 4DDD62A125DD201200656937;
					};
					4DDD62C225DD201E00656937 = {
						CreatedOnToolsVersion = 12.4;
						TestTargetID = 4DDD62A125DD201200656937;
					};
				};
			};
			buildConfigurationList = 4DDD629D25DD201200656937 /* Build configuration list for PBXProject "Memoar" */;
			compatibilityVersion = "Xcode 9.3";
			developmentRegion = en;
			hasScannedForEncodings = 0;
			knownRegions = (
				en,
				Base,
			);
			mainGroup = 4DDD629925DD201200656937;
			productRefGroup = 4DDD62A325DD201200656937 /* Products */;
			projectDirPath = "";
			projectRoot = "";
			targets = (
				4DDD62A125DD201200656937 /* Memoar */,
				4DDD62B725DD201E00656937 /* MemoarTests */,
				4DDD62C225DD201E00656937 /* MemoarUITests */,
			);
		};
/* End PBXProject section */

/* Begin PBXResourcesBuildPhase section */
		4DDD62A025DD201200656937 /* Resources */ = {
			isa = PBXResourcesBuildPhase;
			buildActionMask = 2147483647;
			files = (
				E144A1DA25F8CB7F00C81A0F /* memoar.actr in Resources */,
				4DDD62B225DD201D00656937 /* LaunchScreen.storyboard in Resources */,
				4DDD62AF25DD201D00656937 /* Assets.xcassets in Resources */,
				4DDD62AD25DD201200656937 /* Main.storyboard in Resources */,
			);
			runOnlyForDeploymentPostprocessing = 0;
		};
		4DDD62B625DD201E00656937 /* Resources */ = {
			isa = PBXResourcesBuildPhase;
			buildActionMask = 2147483647;
			files = (
			);
			runOnlyForDeploymentPostprocessing = 0;
		};
		4DDD62C125DD201E00656937 /* Resources */ = {
			isa = PBXResourcesBuildPhase;
			buildActionMask = 2147483647;
			files = (
			);
			runOnlyForDeploymentPostprocessing = 0;
		};
/* End PBXResourcesBuildPhase section */

/* Begin PBXSourcesBuildPhase section */
		4DDD629E25DD201200656937 /* Sources */ = {
			isa = PBXSourcesBuildPhase;
			buildActionMask = 2147483647;
			files = (
				4DDD62AA25DD201200656937 /* ViewController.swift in Sources */,
				E144A1F825F8CF2900C81A0F /* Procedural.swift in Sources */,
				E144A1FF25F8CF2900C81A0F /* Production.swift in Sources */,
				E144A1F225F8CF2900C81A0F /* Instantiation.swift in Sources */,
				E144A1F625F8CF2900C81A0F /* ACTRWindowView.swift in Sources */,
				4D647A4925F533040011A666 /* MenuViewController.swift in Sources */,
				E144A1F725F8CF2900C81A0F /* Parser.swift in Sources */,
				4DDD62E325DD229F00656937 /* Card.swift in Sources */,
				E144A1D525F8CA7300C81A0F /* memoarModel.swift in Sources */,
				E144A1F525F8CF2900C81A0F /* SlotCondition.swift in Sources */,
				E144A1FD25F8CF2900C81A0F /* BufferAction.swift in Sources */,
				E144A1F925F8CF2900C81A0F /* Model.swift in Sources */,
				E144A1FC25F8CF2900C81A0F /* Tokenizer.swift in Sources */,
				4DDD62A625DD201200656937 /* AppDelegate.swift in Sources */,
				E144A1EF25F8CF2900C81A0F /* Support.swift in Sources */,
				4D58C44125DF3AFA009A913F /* memoar.swift in Sources */,
				E144A1FE25F8CF2900C81A0F /* Temporal.swift in Sources */,
				E144A1FA25F8CF2900C81A0F /* Declarative.swift in Sources */,
				4DDD62A825DD201200656937 /* SceneDelegate.swift in Sources */,
				E144A1F125F8CF2900C81A0F /* FocusRing.swift in Sources */,
				E144A1F025F8CF2900C81A0F /* BufferCondition.swift in Sources */,
				E144A1F425F8CF2900C81A0F /* Vision.swift in Sources */,
				E144A1F325F8CF2900C81A0F /* Chunk.swift in Sources */,
				E144A1FB25F8CF2900C81A0F /* SlotAction.swift in Sources */,
			);
			runOnlyForDeploymentPostprocessing = 0;
		};
		4DDD62B425DD201E00656937 /* Sources */ = {
			isa = PBXSourcesBuildPhase;
			buildActionMask = 2147483647;
			files = (
				4DDD62BD25DD201E00656937 /* MemoarTests.swift in Sources */,
			);
			runOnlyForDeploymentPostprocessing = 0;
		};
		4DDD62BF25DD201E00656937 /* Sources */ = {
			isa = PBXSourcesBuildPhase;
			buildActionMask = 2147483647;
			files = (
				4DDD62C825DD201E00656937 /* MemoarUITests.swift in Sources */,
			);
			runOnlyForDeploymentPostprocessing = 0;
		};
/* End PBXSourcesBuildPhase section */

/* Begin PBXTargetDependency section */
		4DDD62BA25DD201E00656937 /* PBXTargetDependency */ = {
			isa = PBXTargetDependency;
			target = 4DDD62A125DD201200656937 /* Memoar */;
			targetProxy = 4DDD62B925DD201E00656937 /* PBXContainerItemProxy */;
		};
		4DDD62C525DD201E00656937 /* PBXTargetDependency */ = {
			isa = PBXTargetDependency;
			target = 4DDD62A125DD201200656937 /* Memoar */;
			targetProxy = 4DDD62C425DD201E00656937 /* PBXContainerItemProxy */;
		};
/* End PBXTargetDependency section */

/* Begin PBXVariantGroup section */
		4DDD62AB25DD201200656937 /* Main.storyboard */ = {
			isa = PBXVariantGroup;
			children = (
				4DDD62AC25DD201200656937 /* Base */,
			);
			name = Main.storyboard;
			sourceTree = "<group>";
		};
		4DDD62B025DD201D00656937 /* LaunchScreen.storyboard */ = {
			isa = PBXVariantGroup;
			children = (
				4DDD62B125DD201D00656937 /* Base */,
			);
			name = LaunchScreen.storyboard;
			sourceTree = "<group>";
		};
/* End PBXVariantGroup section */

/* Begin XCBuildConfiguration section */
		4DDD62CA25DD201E00656937 /* Debug */ = {
			isa = XCBuildConfiguration;
			buildSettings = {
				ALWAYS_SEARCH_USER_PATHS = NO;
				CLANG_ANALYZER_NONNULL = YES;
				CLANG_ANALYZER_NUMBER_OBJECT_CONVERSION = YES_AGGRESSIVE;
				CLANG_CXX_LANGUAGE_STANDARD = "gnu++14";
				CLANG_CXX_LIBRARY = "libc++";
				CLANG_ENABLE_MODULES = YES;
				CLANG_ENABLE_OBJC_ARC = YES;
				CLANG_ENABLE_OBJC_WEAK = YES;
				CLANG_WARN_BLOCK_CAPTURE_AUTORELEASING = YES;
				CLANG_WARN_BOOL_CONVERSION = YES;
				CLANG_WARN_COMMA = YES;
				CLANG_WARN_CONSTANT_CONVERSION = YES;
				CLANG_WARN_DEPRECATED_OBJC_IMPLEMENTATIONS = YES;
				CLANG_WARN_DIRECT_OBJC_ISA_USAGE = YES_ERROR;
				CLANG_WARN_DOCUMENTATION_COMMENTS = YES;
				CLANG_WARN_EMPTY_BODY = YES;
				CLANG_WARN_ENUM_CONVERSION = YES;
				CLANG_WARN_INFINITE_RECURSION = YES;
				CLANG_WARN_INT_CONVERSION = YES;
				CLANG_WARN_NON_LITERAL_NULL_CONVERSION = YES;
				CLANG_WARN_OBJC_IMPLICIT_RETAIN_SELF = YES;
				CLANG_WARN_OBJC_LITERAL_CONVERSION = YES;
				CLANG_WARN_OBJC_ROOT_CLASS = YES_ERROR;
				CLANG_WARN_QUOTED_INCLUDE_IN_FRAMEWORK_HEADER = YES;
				CLANG_WARN_RANGE_LOOP_ANALYSIS = YES;
				CLANG_WARN_STRICT_PROTOTYPES = YES;
				CLANG_WARN_SUSPICIOUS_MOVE = YES;
				CLANG_WARN_UNGUARDED_AVAILABILITY = YES_AGGRESSIVE;
				CLANG_WARN_UNREACHABLE_CODE = YES;
				CLANG_WARN__DUPLICATE_METHOD_MATCH = YES;
				COPY_PHASE_STRIP = NO;
				DEBUG_INFORMATION_FORMAT = dwarf;
				ENABLE_STRICT_OBJC_MSGSEND = YES;
				ENABLE_TESTABILITY = YES;
				GCC_C_LANGUAGE_STANDARD = gnu11;
				GCC_DYNAMIC_NO_PIC = NO;
				GCC_NO_COMMON_BLOCKS = YES;
				GCC_OPTIMIZATION_LEVEL = 0;
				GCC_PREPROCESSOR_DEFINITIONS = (
					"DEBUG=1",
					"$(inherited)",
				);
				GCC_WARN_64_TO_32_BIT_CONVERSION = YES;
				GCC_WARN_ABOUT_RETURN_TYPE = YES_ERROR;
				GCC_WARN_UNDECLARED_SELECTOR = YES;
				GCC_WARN_UNINITIALIZED_AUTOS = YES_AGGRESSIVE;
				GCC_WARN_UNUSED_FUNCTION = YES;
				GCC_WARN_UNUSED_VARIABLE = YES;
				IPHONEOS_DEPLOYMENT_TARGET = 14.4;
				MTL_ENABLE_DEBUG_INFO = INCLUDE_SOURCE;
				MTL_FAST_MATH = YES;
				ONLY_ACTIVE_ARCH = YES;
				SDKROOT = iphoneos;
				SWIFT_ACTIVE_COMPILATION_CONDITIONS = DEBUG;
				SWIFT_OPTIMIZATION_LEVEL = "-Onone";
			};
			name = Debug;
		};
		4DDD62CB25DD201E00656937 /* Release */ = {
			isa = XCBuildConfiguration;
			buildSettings = {
				ALWAYS_SEARCH_USER_PATHS = NO;
				CLANG_ANALYZER_NONNULL = YES;
				CLANG_ANALYZER_NUMBER_OBJECT_CONVERSION = YES_AGGRESSIVE;
				CLANG_CXX_LANGUAGE_STANDARD = "gnu++14";
				CLANG_CXX_LIBRARY = "libc++";
				CLANG_ENABLE_MODULES = YES;
				CLANG_ENABLE_OBJC_ARC = YES;
				CLANG_ENABLE_OBJC_WEAK = YES;
				CLANG_WARN_BLOCK_CAPTURE_AUTORELEASING = YES;
				CLANG_WARN_BOOL_CONVERSION = YES;
				CLANG_WARN_COMMA = YES;
				CLANG_WARN_CONSTANT_CONVERSION = YES;
				CLANG_WARN_DEPRECATED_OBJC_IMPLEMENTATIONS = YES;
				CLANG_WARN_DIRECT_OBJC_ISA_USAGE = YES_ERROR;
				CLANG_WARN_DOCUMENTATION_COMMENTS = YES;
				CLANG_WARN_EMPTY_BODY = YES;
				CLANG_WARN_ENUM_CONVERSION = YES;
				CLANG_WARN_INFINITE_RECURSION = YES;
				CLANG_WARN_INT_CONVERSION = YES;
				CLANG_WARN_NON_LITERAL_NULL_CONVERSION = YES;
				CLANG_WARN_OBJC_IMPLICIT_RETAIN_SELF = YES;
				CLANG_WARN_OBJC_LITERAL_CONVERSION = YES;
				CLANG_WARN_OBJC_ROOT_CLASS = YES_ERROR;
				CLANG_WARN_QUOTED_INCLUDE_IN_FRAMEWORK_HEADER = YES;
				CLANG_WARN_RANGE_LOOP_ANALYSIS = YES;
				CLANG_WARN_STRICT_PROTOTYPES = YES;
				CLANG_WARN_SUSPICIOUS_MOVE = YES;
				CLANG_WARN_UNGUARDED_AVAILABILITY = YES_AGGRESSIVE;
				CLANG_WARN_UNREACHABLE_CODE = YES;
				CLANG_WARN__DUPLICATE_METHOD_MATCH = YES;
				COPY_PHASE_STRIP = NO;
				DEBUG_INFORMATION_FORMAT = "dwarf-with-dsym";
				ENABLE_NS_ASSERTIONS = NO;
				ENABLE_STRICT_OBJC_MSGSEND = YES;
				GCC_C_LANGUAGE_STANDARD = gnu11;
				GCC_NO_COMMON_BLOCKS = YES;
				GCC_WARN_64_TO_32_BIT_CONVERSION = YES;
				GCC_WARN_ABOUT_RETURN_TYPE = YES_ERROR;
				GCC_WARN_UNDECLARED_SELECTOR = YES;
				GCC_WARN_UNINITIALIZED_AUTOS = YES_AGGRESSIVE;
				GCC_WARN_UNUSED_FUNCTION = YES;
				GCC_WARN_UNUSED_VARIABLE = YES;
				IPHONEOS_DEPLOYMENT_TARGET = 14.4;
				MTL_ENABLE_DEBUG_INFO = NO;
				MTL_FAST_MATH = YES;
				SDKROOT = iphoneos;
				SWIFT_COMPILATION_MODE = wholemodule;
				SWIFT_OPTIMIZATION_LEVEL = "-O";
				VALIDATE_PRODUCT = YES;
			};
			name = Release;
		};
		4DDD62CD25DD201E00656937 /* Debug */ = {
			isa = XCBuildConfiguration;
			buildSettings = {
				ASSETCATALOG_COMPILER_APPICON_NAME = AppIcon;
				ASSETCATALOG_COMPILER_GLOBAL_ACCENT_COLOR_NAME = AccentColor;
				CODE_SIGN_STYLE = Automatic;
				DEVELOPMENT_TEAM = R5SLKHB2RZ;
				INFOPLIST_FILE = Memoar/Info.plist;
				LD_RUNPATH_SEARCH_PATHS = (
					"$(inherited)",
					"@executable_path/Frameworks",
				);
				PRODUCT_BUNDLE_IDENTIFIER = CogModTeam.Memoar;
				PRODUCT_NAME = "$(TARGET_NAME)";
				SWIFT_VERSION = 5.0;
				TARGETED_DEVICE_FAMILY = "1,2";
			};
			name = Debug;
		};
		4DDD62CE25DD201E00656937 /* Release */ = {
			isa = XCBuildConfiguration;
			buildSettings = {
				ASSETCATALOG_COMPILER_APPICON_NAME = AppIcon;
				ASSETCATALOG_COMPILER_GLOBAL_ACCENT_COLOR_NAME = AccentColor;
				CODE_SIGN_STYLE = Automatic;
				DEVELOPMENT_TEAM = R5SLKHB2RZ;
				INFOPLIST_FILE = Memoar/Info.plist;
				LD_RUNPATH_SEARCH_PATHS = (
					"$(inherited)",
					"@executable_path/Frameworks",
				);
				PRODUCT_BUNDLE_IDENTIFIER = CogModTeam.Memoar;
				PRODUCT_NAME = "$(TARGET_NAME)";
				SWIFT_VERSION = 5.0;
				TARGETED_DEVICE_FAMILY = "1,2";
			};
			name = Release;
		};
		4DDD62D025DD201E00656937 /* Debug */ = {
			isa = XCBuildConfiguration;
			buildSettings = {
				ALWAYS_EMBED_SWIFT_STANDARD_LIBRARIES = YES;
				BUNDLE_LOADER = "$(TEST_HOST)";
				CODE_SIGN_STYLE = Automatic;
				DEVELOPMENT_TEAM = R5SLKHB2RZ;
				INFOPLIST_FILE = MemoarTests/Info.plist;
				IPHONEOS_DEPLOYMENT_TARGET = 14.4;
				LD_RUNPATH_SEARCH_PATHS = (
					"$(inherited)",
					"@executable_path/Frameworks",
					"@loader_path/Frameworks",
				);
				PRODUCT_BUNDLE_IDENTIFIER = CogModTeam.MemoarTests;
				PRODUCT_NAME = "$(TARGET_NAME)";
				SWIFT_VERSION = 5.0;
				TARGETED_DEVICE_FAMILY = "1,2";
				TEST_HOST = "$(BUILT_PRODUCTS_DIR)/Memoar.app/Memoar";
			};
			name = Debug;
		};
		4DDD62D125DD201E00656937 /* Release */ = {
			isa = XCBuildConfiguration;
			buildSettings = {
				ALWAYS_EMBED_SWIFT_STANDARD_LIBRARIES = YES;
				BUNDLE_LOADER = "$(TEST_HOST)";
				CODE_SIGN_STYLE = Automatic;
				DEVELOPMENT_TEAM = R5SLKHB2RZ;
				INFOPLIST_FILE = MemoarTests/Info.plist;
				IPHONEOS_DEPLOYMENT_TARGET = 14.4;
				LD_RUNPATH_SEARCH_PATHS = (
					"$(inherited)",
					"@executable_path/Frameworks",
					"@loader_path/Frameworks",
				);
				PRODUCT_BUNDLE_IDENTIFIER = CogModTeam.MemoarTests;
				PRODUCT_NAME = "$(TARGET_NAME)";
				SWIFT_VERSION = 5.0;
				TARGETED_DEVICE_FAMILY = "1,2";
				TEST_HOST = "$(BUILT_PRODUCTS_DIR)/Memoar.app/Memoar";
			};
			name = Release;
		};
		4DDD62D325DD201E00656937 /* Debug */ = {
			isa = XCBuildConfiguration;
			buildSettings = {
				ALWAYS_EMBED_SWIFT_STANDARD_LIBRARIES = YES;
				CODE_SIGN_STYLE = Automatic;
				DEVELOPMENT_TEAM = R5SLKHB2RZ;
				INFOPLIST_FILE = MemoarUITests/Info.plist;
				LD_RUNPATH_SEARCH_PATHS = (
					"$(inherited)",
					"@executable_path/Frameworks",
					"@loader_path/Frameworks",
				);
				PRODUCT_BUNDLE_IDENTIFIER = CogModTeam.MemoarUITests;
				PRODUCT_NAME = "$(TARGET_NAME)";
				SWIFT_VERSION = 5.0;
				TARGETED_DEVICE_FAMILY = "1,2";
				TEST_TARGET_NAME = Memoar;
			};
			name = Debug;
		};
		4DDD62D425DD201E00656937 /* Release */ = {
			isa = XCBuildConfiguration;
			buildSettings = {
				ALWAYS_EMBED_SWIFT_STANDARD_LIBRARIES = YES;
				CODE_SIGN_STYLE = Automatic;
				DEVELOPMENT_TEAM = R5SLKHB2RZ;
				INFOPLIST_FILE = MemoarUITests/Info.plist;
				LD_RUNPATH_SEARCH_PATHS = (
					"$(inherited)",
					"@executable_path/Frameworks",
					"@loader_path/Frameworks",
				);
				PRODUCT_BUNDLE_IDENTIFIER = CogModTeam.MemoarUITests;
				PRODUCT_NAME = "$(TARGET_NAME)";
				SWIFT_VERSION = 5.0;
				TARGETED_DEVICE_FAMILY = "1,2";
				TEST_TARGET_NAME = Memoar;
			};
			name = Release;
		};
/* End XCBuildConfiguration section */

/* Begin XCConfigurationList section */
		4DDD629D25DD201200656937 /* Build configuration list for PBXProject "Memoar" */ = {
			isa = XCConfigurationList;
			buildConfigurations = (
				4DDD62CA25DD201E00656937 /* Debug */,
				4DDD62CB25DD201E00656937 /* Release */,
			);
			defaultConfigurationIsVisible = 0;
			defaultConfigurationName = Release;
		};
		4DDD62CC25DD201E00656937 /* Build configuration list for PBXNativeTarget "Memoar" */ = {
			isa = XCConfigurationList;
			buildConfigurations = (
				4DDD62CD25DD201E00656937 /* Debug */,
				4DDD62CE25DD201E00656937 /* Release */,
			);
			defaultConfigurationIsVisible = 0;
			defaultConfigurationName = Release;
		};
		4DDD62CF25DD201E00656937 /* Build configuration list for PBXNativeTarget "MemoarTests" */ = {
			isa = XCConfigurationList;
			buildConfigurations = (
				4DDD62D025DD201E00656937 /* Debug */,
				4DDD62D125DD201E00656937 /* Release */,
			);
			defaultConfigurationIsVisible = 0;
			defaultConfigurationName = Release;
		};
		4DDD62D225DD201E00656937 /* Build configuration list for PBXNativeTarget "MemoarUITests" */ = {
			isa = XCConfigurationList;
			buildConfigurations = (
				4DDD62D325DD201E00656937 /* Debug */,
				4DDD62D425DD201E00656937 /* Release */,
			);
			defaultConfigurationIsVisible = 0;
			defaultConfigurationName = Release;
		};
/* End XCConfigurationList section */
	};
	rootObject = 4DDD629A25DD201200656937 /* Project object */;
}
